// !$*UTF8*$!
{
	archiveVersion = 1;
	classes = {
	};
	objectVersion = 50;
	objects = {

/* Begin PBXBuildFile section */
		02C5D729214132FD009A6B9B /* AppDelegate.swift in Sources */ = {isa = PBXBuildFile; fileRef = 02C5D728214132FD009A6B9B /* AppDelegate.swift */; };
		02C5D72B214132FD009A6B9B /* ViewController.swift in Sources */ = {isa = PBXBuildFile; fileRef = 02C5D72A214132FD009A6B9B /* ViewController.swift */; };
		02C5D72E214132FD009A6B9B /* Main.storyboard in Resources */ = {isa = PBXBuildFile; fileRef = 02C5D72C214132FD009A6B9B /* Main.storyboard */; };
		02C5D73021413300009A6B9B /* Assets.xcassets in Resources */ = {isa = PBXBuildFile; fileRef = 02C5D72F21413300009A6B9B /* Assets.xcassets */; };
		02C5D73321413300009A6B9B /* LaunchScreen.storyboard in Resources */ = {isa = PBXBuildFile; fileRef = 02C5D73121413300009A6B9B /* LaunchScreen.storyboard */; };
		02C5D74521414F20009A6B9B /* DefaultRefreshView.swift in Sources */ = {isa = PBXBuildFile; fileRef = 02C5D73E21414F20009A6B9B /* DefaultRefreshView.swift */; };
		02C5D74621414F20009A6B9B /* PullToRefresh.swift in Sources */ = {isa = PBXBuildFile; fileRef = 02C5D73F21414F20009A6B9B /* PullToRefresh.swift */; };
		02C5D74721414F20009A6B9B /* State.swift in Sources */ = {isa = PBXBuildFile; fileRef = 02C5D74021414F20009A6B9B /* State.swift */; };
		02C5D74821414F20009A6B9B /* DefaultViewAnimator.swift in Sources */ = {isa = PBXBuildFile; fileRef = 02C5D74121414F20009A6B9B /* DefaultViewAnimator.swift */; };
		02C5D74921414F20009A6B9B /* UIScrollView+PullToRefresh.swift in Sources */ = {isa = PBXBuildFile; fileRef = 02C5D74221414F20009A6B9B /* UIScrollView+PullToRefresh.swift */; };
		02C5D74A21414F20009A6B9B /* RefreshViewAnimator.swift in Sources */ = {isa = PBXBuildFile; fileRef = 02C5D74321414F20009A6B9B /* RefreshViewAnimator.swift */; };
		02C5D74E214393E2009A6B9B /* XMSegmentedControl.swift in Sources */ = {isa = PBXBuildFile; fileRef = 02C5D74D214393E2009A6B9B /* XMSegmentedControl.swift */; };
		02C5D79721440B77009A6B9B /* ProductData.swift in Sources */ = {isa = PBXBuildFile; fileRef = 02C5D79621440B77009A6B9B /* ProductData.swift */; };
		02C5D79A21441D79009A6B9B /* BinanceAPI.swift in Sources */ = {isa = PBXBuildFile; fileRef = 02C5D79921441D79009A6B9B /* BinanceAPI.swift */; };
		02C5D79C214422A1009A6B9B /* RawDataParser.swift in Sources */ = {isa = PBXBuildFile; fileRef = 02C5D79B214422A1009A6B9B /* RawDataParser.swift */; };
		02C5D79E21442BE2009A6B9B /* ErrorHandler.swift in Sources */ = {isa = PBXBuildFile; fileRef = 02C5D79D21442BE2009A6B9B /* ErrorHandler.swift */; };
		02C5D7A72144D065009A6B9B /* MainTableViewController.swift in Sources */ = {isa = PBXBuildFile; fileRef = 02C5D7A32144D065009A6B9B /* MainTableViewController.swift */; };
		02C5D7A82144D065009A6B9B /* ResultsTableController.swift in Sources */ = {isa = PBXBuildFile; fileRef = 02C5D7A42144D065009A6B9B /* ResultsTableController.swift */; };
		02C5D7AA2144D065009A6B9B /* BaseTableViewController.swift in Sources */ = {isa = PBXBuildFile; fileRef = 02C5D7A62144D065009A6B9B /* BaseTableViewController.swift */; };
		02C5D7AC2144D408009A6B9B /* ProductDataCell.swift in Sources */ = {isa = PBXBuildFile; fileRef = 02C5D7AB2144D408009A6B9B /* ProductDataCell.swift */; };
		02C5D7AE2144D8CA009A6B9B /* ColorUtils.swift in Sources */ = {isa = PBXBuildFile; fileRef = 02C5D7AD2144D8CA009A6B9B /* ColorUtils.swift */; };
		02C5D7B021450DA6009A6B9B /* UIUtils.swift in Sources */ = {isa = PBXBuildFile; fileRef = 02C5D7AF21450DA6009A6B9B /* UIUtils.swift */; };
		02C5D7B2214534D5009A6B9B /* BaseNavigationController.swift in Sources */ = {isa = PBXBuildFile; fileRef = 02C5D7B1214534D5009A6B9B /* BaseNavigationController.swift */; };
		02C5D7B4214536A9009A6B9B /* CellConfigurable.swift in Sources */ = {isa = PBXBuildFile; fileRef = 02C5D7B3214536A9009A6B9B /* CellConfigurable.swift */; };
		02C5D7B721453F64009A6B9B /* GetProductActor.swift in Sources */ = {isa = PBXBuildFile; fileRef = 02C5D7B621453F64009A6B9B /* GetProductActor.swift */; };
		02C5D7B921453F7F009A6B9B /* BaseActor.swift in Sources */ = {isa = PBXBuildFile; fileRef = 02C5D7B821453F7F009A6B9B /* BaseActor.swift */; };
		4FA6FC787FFCF3146EAC4B07 /* Pods_BinanceTest.framework in Frameworks */ = {isa = PBXBuildFile; fileRef = F03D929225B67A6DD4EFA818 /* Pods_BinanceTest.framework */; };
/* End PBXBuildFile section */

/* Begin PBXFileReference section */
		02C5D725214132FD009A6B9B /* BinanceTest.app */ = {isa = PBXFileReference; explicitFileType = wrapper.application; includeInIndex = 0; path = BinanceTest.app; sourceTree = BUILT_PRODUCTS_DIR; };
		02C5D728214132FD009A6B9B /* AppDelegate.swift */ = {isa = PBXFileReference; lastKnownFileType = sourcecode.swift; path = AppDelegate.swift; sourceTree = "<group>"; };
		02C5D72A214132FD009A6B9B /* ViewController.swift */ = {isa = PBXFileReference; lastKnownFileType = sourcecode.swift; path = ViewController.swift; sourceTree = "<group>"; };
		02C5D72D214132FD009A6B9B /* Base */ = {isa = PBXFileReference; lastKnownFileType = file.storyboard; name = Base; path = Base.lproj/Main.storyboard; sourceTree = "<group>"; };
		02C5D72F21413300009A6B9B /* Assets.xcassets */ = {isa = PBXFileReference; lastKnownFileType = folder.assetcatalog; path = Assets.xcassets; sourceTree = "<group>"; };
		02C5D73221413300009A6B9B /* Base */ = {isa = PBXFileReference; lastKnownFileType = file.storyboard; name = Base; path = Base.lproj/LaunchScreen.storyboard; sourceTree = "<group>"; };
		02C5D73421413300009A6B9B /* Info.plist */ = {isa = PBXFileReference; lastKnownFileType = text.plist.xml; path = Info.plist; sourceTree = "<group>"; };
		02C5D73E21414F20009A6B9B /* DefaultRefreshView.swift */ = {isa = PBXFileReference; fileEncoding = 4; lastKnownFileType = sourcecode.swift; path = DefaultRefreshView.swift; sourceTree = "<group>"; };
		02C5D73F21414F20009A6B9B /* PullToRefresh.swift */ = {isa = PBXFileReference; fileEncoding = 4; lastKnownFileType = sourcecode.swift; path = PullToRefresh.swift; sourceTree = "<group>"; };
		02C5D74021414F20009A6B9B /* State.swift */ = {isa = PBXFileReference; fileEncoding = 4; lastKnownFileType = sourcecode.swift; path = State.swift; sourceTree = "<group>"; };
		02C5D74121414F20009A6B9B /* DefaultViewAnimator.swift */ = {isa = PBXFileReference; fileEncoding = 4; lastKnownFileType = sourcecode.swift; path = DefaultViewAnimator.swift; sourceTree = "<group>"; };
		02C5D74221414F20009A6B9B /* UIScrollView+PullToRefresh.swift */ = {isa = PBXFileReference; fileEncoding = 4; lastKnownFileType = sourcecode.swift; path = "UIScrollView+PullToRefresh.swift"; sourceTree = "<group>"; };
		02C5D74321414F20009A6B9B /* RefreshViewAnimator.swift */ = {isa = PBXFileReference; fileEncoding = 4; lastKnownFileType = sourcecode.swift; path = RefreshViewAnimator.swift; sourceTree = "<group>"; };
		02C5D74421414F20009A6B9B /* PullToRefresh.h */ = {isa = PBXFileReference; fileEncoding = 4; lastKnownFileType = sourcecode.c.h; path = PullToRefresh.h; sourceTree = "<group>"; };
		02C5D74D214393E2009A6B9B /* XMSegmentedControl.swift */ = {isa = PBXFileReference; fileEncoding = 4; lastKnownFileType = sourcecode.swift; path = XMSegmentedControl.swift; sourceTree = "<group>"; };
		02C5D79621440B77009A6B9B /* ProductData.swift */ = {isa = PBXFileReference; lastKnownFileType = sourcecode.swift; path = ProductData.swift; sourceTree = "<group>"; };
		02C5D79921441D79009A6B9B /* BinanceAPI.swift */ = {isa = PBXFileReference; lastKnownFileType = sourcecode.swift; path = BinanceAPI.swift; sourceTree = "<group>"; };
		02C5D79B214422A1009A6B9B /* RawDataParser.swift */ = {isa = PBXFileReference; lastKnownFileType = sourcecode.swift; path = RawDataParser.swift; sourceTree = "<group>"; };
		02C5D79D21442BE2009A6B9B /* ErrorHandler.swift */ = {isa = PBXFileReference; lastKnownFileType = sourcecode.swift; path = ErrorHandler.swift; sourceTree = "<group>"; };
		02C5D7A32144D065009A6B9B /* MainTableViewController.swift */ = {isa = PBXFileReference; fileEncoding = 4; lastKnownFileType = sourcecode.swift; path = MainTableViewController.swift; sourceTree = "<group>"; };
		02C5D7A42144D065009A6B9B /* ResultsTableController.swift */ = {isa = PBXFileReference; fileEncoding = 4; lastKnownFileType = sourcecode.swift; path = ResultsTableController.swift; sourceTree = "<group>"; };
		02C5D7A62144D065009A6B9B /* BaseTableViewController.swift */ = {isa = PBXFileReference; fileEncoding = 4; lastKnownFileType = sourcecode.swift; path = BaseTableViewController.swift; sourceTree = "<group>"; };
		02C5D7AB2144D408009A6B9B /* ProductDataCell.swift */ = {isa = PBXFileReference; lastKnownFileType = sourcecode.swift; path = ProductDataCell.swift; sourceTree = "<group>"; };
		02C5D7AD2144D8CA009A6B9B /* ColorUtils.swift */ = {isa = PBXFileReference; lastKnownFileType = sourcecode.swift; path = ColorUtils.swift; sourceTree = "<group>"; };
		02C5D7AF21450DA6009A6B9B /* UIUtils.swift */ = {isa = PBXFileReference; lastKnownFileType = sourcecode.swift; path = UIUtils.swift; sourceTree = "<group>"; };
		02C5D7B1214534D5009A6B9B /* BaseNavigationController.swift */ = {isa = PBXFileReference; lastKnownFileType = sourcecode.swift; path = BaseNavigationController.swift; sourceTree = "<group>"; };
		02C5D7B3214536A9009A6B9B /* CellConfigurable.swift */ = {isa = PBXFileReference; lastKnownFileType = sourcecode.swift; path = CellConfigurable.swift; sourceTree = "<group>"; };
		02C5D7B621453F64009A6B9B /* GetProductActor.swift */ = {isa = PBXFileReference; lastKnownFileType = sourcecode.swift; path = GetProductActor.swift; sourceTree = "<group>"; };
		02C5D7B821453F7F009A6B9B /* BaseActor.swift */ = {isa = PBXFileReference; lastKnownFileType = sourcecode.swift; path = BaseActor.swift; sourceTree = "<group>"; };
		A266CD74F850F9E5EE707A1D /* Pods-BinanceTest.release.xcconfig */ = {isa = PBXFileReference; includeInIndex = 1; lastKnownFileType = text.xcconfig; name = "Pods-BinanceTest.release.xcconfig"; path = "Pods/Target Support Files/Pods-BinanceTest/Pods-BinanceTest.release.xcconfig"; sourceTree = "<group>"; };
		E4CF65A747C1F4429F863FAC /* Pods-BinanceTest.debug.xcconfig */ = {isa = PBXFileReference; includeInIndex = 1; lastKnownFileType = text.xcconfig; name = "Pods-BinanceTest.debug.xcconfig"; path = "Pods/Target Support Files/Pods-BinanceTest/Pods-BinanceTest.debug.xcconfig"; sourceTree = "<group>"; };
		F03D929225B67A6DD4EFA818 /* Pods_BinanceTest.framework */ = {isa = PBXFileReference; explicitFileType = wrapper.framework; includeInIndex = 0; path = Pods_BinanceTest.framework; sourceTree = BUILT_PRODUCTS_DIR; };
/* End PBXFileReference section */

/* Begin PBXFrameworksBuildPhase section */
		02C5D722214132FD009A6B9B /* Frameworks */ = {
			isa = PBXFrameworksBuildPhase;
			buildActionMask = 2147483647;
			files = (
				4FA6FC787FFCF3146EAC4B07 /* Pods_BinanceTest.framework in Frameworks */,
			);
			runOnlyForDeploymentPostprocessing = 0;
		};
/* End PBXFrameworksBuildPhase section */

/* Begin PBXGroup section */
		02C5D71C214132FD009A6B9B = {
			isa = PBXGroup;
			children = (
				02C5D727214132FD009A6B9B /* BinanceTest */,
				02C5D726214132FD009A6B9B /* Products */,
				0F27C880C0BE33865CDE2D7D /* Pods */,
				40EF6D8C3465EE074B904B6B /* Frameworks */,
			);
			sourceTree = "<group>";
		};
		02C5D726214132FD009A6B9B /* Products */ = {
			isa = PBXGroup;
			children = (
				02C5D725214132FD009A6B9B /* BinanceTest.app */,
			);
			name = Products;
			sourceTree = "<group>";
		};
		02C5D727214132FD009A6B9B /* BinanceTest */ = {
			isa = PBXGroup;
			children = (
				02C5D7B521453F50009A6B9B /* Actor */,
				02C5D7A22144D039009A6B9B /* UIComponent */,
				02C5D798214410AE009A6B9B /* Network */,
				02C5D73C21414EE2009A6B9B /* Data */,
				02C5D73A21414EC0009A6B9B /* Thirdparty */,
				02C5D728214132FD009A6B9B /* AppDelegate.swift */,
				02C5D72A214132FD009A6B9B /* ViewController.swift */,
				02C5D72C214132FD009A6B9B /* Main.storyboard */,
				02C5D72F21413300009A6B9B /* Assets.xcassets */,
				02C5D73121413300009A6B9B /* LaunchScreen.storyboard */,
				02C5D73421413300009A6B9B /* Info.plist */,
			);
			path = BinanceTest;
			sourceTree = "<group>";
		};
		02C5D73A21414EC0009A6B9B /* Thirdparty */ = {
			isa = PBXGroup;
			children = (
				02C5D74C214393D2009A6B9B /* XMSegmentedControl */,
				02C5D73D21414F20009A6B9B /* PullToRefresh */,
			);
			path = Thirdparty;
			sourceTree = "<group>";
		};
		02C5D73C21414EE2009A6B9B /* Data */ = {
			isa = PBXGroup;
			children = (
				02C5D79621440B77009A6B9B /* ProductData.swift */,
			);
			path = Data;
			sourceTree = "<group>";
		};
		02C5D73D21414F20009A6B9B /* PullToRefresh */ = {
			isa = PBXGroup;
			children = (
				02C5D73E21414F20009A6B9B /* DefaultRefreshView.swift */,
				02C5D73F21414F20009A6B9B /* PullToRefresh.swift */,
				02C5D74021414F20009A6B9B /* State.swift */,
				02C5D74121414F20009A6B9B /* DefaultViewAnimator.swift */,
				02C5D74221414F20009A6B9B /* UIScrollView+PullToRefresh.swift */,
				02C5D74321414F20009A6B9B /* RefreshViewAnimator.swift */,
				02C5D74421414F20009A6B9B /* PullToRefresh.h */,
			);
			path = PullToRefresh;
			sourceTree = "<group>";
		};
		02C5D74C214393D2009A6B9B /* XMSegmentedControl */ = {
			isa = PBXGroup;
			children = (
				02C5D74D214393E2009A6B9B /* XMSegmentedControl.swift */,
			);
			path = XMSegmentedControl;
			sourceTree = "<group>";
		};
		02C5D798214410AE009A6B9B /* Network */ = {
			isa = PBXGroup;
			children = (
				02C5D79921441D79009A6B9B /* BinanceAPI.swift */,
				02C5D79B214422A1009A6B9B /* RawDataParser.swift */,
				02C5D79D21442BE2009A6B9B /* ErrorHandler.swift */,
			);
			path = Network;
			sourceTree = "<group>";
		};
		02C5D7A22144D039009A6B9B /* UIComponent */ = {
			isa = PBXGroup;
			children = (
				02C5D7A62144D065009A6B9B /* BaseTableViewController.swift */,
				02C5D7A32144D065009A6B9B /* MainTableViewController.swift */,
				02C5D7A42144D065009A6B9B /* ResultsTableController.swift */,
				02C5D7AB2144D408009A6B9B /* ProductDataCell.swift */,
				02C5D7AD2144D8CA009A6B9B /* ColorUtils.swift */,
				02C5D7AF21450DA6009A6B9B /* UIUtils.swift */,
				02C5D7B1214534D5009A6B9B /* BaseNavigationController.swift */,
				02C5D7B3214536A9009A6B9B /* CellConfigurable.swift */,
			);
			path = UIComponent;
			sourceTree = "<group>";
		};
		02C5D7B521453F50009A6B9B /* Actor */ = {
			isa = PBXGroup;
			children = (
				02C5D7B621453F64009A6B9B /* GetProductActor.swift */,
				02C5D7B821453F7F009A6B9B /* BaseActor.swift */,
			);
			path = Actor;
			sourceTree = "<group>";
		};
		0F27C880C0BE33865CDE2D7D /* Pods */ = {
			isa = PBXGroup;
			children = (
				E4CF65A747C1F4429F863FAC /* Pods-BinanceTest.debug.xcconfig */,
				A266CD74F850F9E5EE707A1D /* Pods-BinanceTest.release.xcconfig */,
			);
			name = Pods;
			sourceTree = "<group>";
		};
		40EF6D8C3465EE074B904B6B /* Frameworks */ = {
			isa = PBXGroup;
			children = (
				F03D929225B67A6DD4EFA818 /* Pods_BinanceTest.framework */,
			);
			name = Frameworks;
			sourceTree = "<group>";
		};
/* End PBXGroup section */

/* Begin PBXNativeTarget section */
		02C5D724214132FD009A6B9B /* BinanceTest */ = {
			isa = PBXNativeTarget;
			buildConfigurationList = 02C5D73721413300009A6B9B /* Build configuration list for PBXNativeTarget "BinanceTest" */;
			buildPhases = (
				BEB46BD5514C403AF2DFCAEF /* [CP] Check Pods Manifest.lock */,
				02C5D721214132FD009A6B9B /* Sources */,
				02C5D722214132FD009A6B9B /* Frameworks */,
				02C5D723214132FD009A6B9B /* Resources */,
				FA50F6F3CCB69E07B39D5846 /* [CP] Embed Pods Frameworks */,
			);
			buildRules = (
			);
			dependencies = (
			);
			name = BinanceTest;
			productName = BinanceTest;
			productReference = 02C5D725214132FD009A6B9B /* BinanceTest.app */;
			productType = "com.apple.product-type.application";
		};
/* End PBXNativeTarget section */

/* Begin PBXProject section */
		02C5D71D214132FD009A6B9B /* Project object */ = {
			isa = PBXProject;
			attributes = {
				LastSwiftUpdateCheck = 0940;
				LastUpgradeCheck = 0940;
				ORGANIZATIONNAME = hanguang;
				TargetAttributes = {
					02C5D724214132FD009A6B9B = {
						CreatedOnToolsVersion = 9.4.1;
					};
				};
			};
			buildConfigurationList = 02C5D720214132FD009A6B9B /* Build configuration list for PBXProject "BinanceTest" */;
			compatibilityVersion = "Xcode 9.3";
			developmentRegion = en;
			hasScannedForEncodings = 0;
			knownRegions = (
				en,
				Base,
			);
			mainGroup = 02C5D71C214132FD009A6B9B;
			productRefGroup = 02C5D726214132FD009A6B9B /* Products */;
			projectDirPath = "";
			projectRoot = "";
			targets = (
				02C5D724214132FD009A6B9B /* BinanceTest */,
			);
		};
/* End PBXProject section */

/* Begin PBXResourcesBuildPhase section */
		02C5D723214132FD009A6B9B /* Resources */ = {
			isa = PBXResourcesBuildPhase;
			buildActionMask = 2147483647;
			files = (
				02C5D73321413300009A6B9B /* LaunchScreen.storyboard in Resources */,
				02C5D73021413300009A6B9B /* Assets.xcassets in Resources */,
				02C5D72E214132FD009A6B9B /* Main.storyboard in Resources */,
			);
			runOnlyForDeploymentPostprocessing = 0;
		};
/* End PBXResourcesBuildPhase section */

/* Begin PBXShellScriptBuildPhase section */
		BEB46BD5514C403AF2DFCAEF /* [CP] Check Pods Manifest.lock */ = {
			isa = PBXShellScriptBuildPhase;
			buildActionMask = 2147483647;
			files = (
			);
			inputPaths = (
				"${PODS_PODFILE_DIR_PATH}/Podfile.lock",
				"${PODS_ROOT}/Manifest.lock",
			);
			name = "[CP] Check Pods Manifest.lock";
			outputPaths = (
				"$(DERIVED_FILE_DIR)/Pods-BinanceTest-checkManifestLockResult.txt",
			);
			runOnlyForDeploymentPostprocessing = 0;
			shellPath = /bin/sh;
			shellScript = "diff \"${PODS_PODFILE_DIR_PATH}/Podfile.lock\" \"${PODS_ROOT}/Manifest.lock\" > /dev/null\nif [ $? != 0 ] ; then\n    # print error to STDERR\n    echo \"error: The sandbox is not in sync with the Podfile.lock. Run 'pod install' or update your CocoaPods installation.\" >&2\n    exit 1\nfi\n# This output is used by Xcode 'outputs' to avoid re-running this script phase.\necho \"SUCCESS\" > \"${SCRIPT_OUTPUT_FILE_0}\"\n";
			showEnvVarsInLog = 0;
		};
		FA50F6F3CCB69E07B39D5846 /* [CP] Embed Pods Frameworks */ = {
			isa = PBXShellScriptBuildPhase;
			buildActionMask = 2147483647;
			files = (
			);
			inputPaths = (
				"${SRCROOT}/Pods/Target Support Files/Pods-BinanceTest/Pods-BinanceTest-frameworks.sh",
				"${BUILT_PRODUCTS_DIR}/ActionStageSwift/ActionStageSwift.framework",
				"${BUILT_PRODUCTS_DIR}/POPAPIKit/POPAPIKit.framework",
				"${BUILT_PRODUCTS_DIR}/Result/Result.framework",
			);
			name = "[CP] Embed Pods Frameworks";
			outputPaths = (
				"${TARGET_BUILD_DIR}/${FRAMEWORKS_FOLDER_PATH}/ActionStageSwift.framework",
				"${TARGET_BUILD_DIR}/${FRAMEWORKS_FOLDER_PATH}/POPAPIKit.framework",
				"${TARGET_BUILD_DIR}/${FRAMEWORKS_FOLDER_PATH}/Result.framework",
			);
			runOnlyForDeploymentPostprocessing = 0;
			shellPath = /bin/sh;
			shellScript = "\"${SRCROOT}/Pods/Target Support Files/Pods-BinanceTest/Pods-BinanceTest-frameworks.sh\"\n";
			showEnvVarsInLog = 0;
		};
/* End PBXShellScriptBuildPhase section */

/* Begin PBXSourcesBuildPhase section */
		02C5D721214132FD009A6B9B /* Sources */ = {
			isa = PBXSourcesBuildPhase;
			buildActionMask = 2147483647;
			files = (
				02C5D7B021450DA6009A6B9B /* UIUtils.swift in Sources */,
				02C5D74521414F20009A6B9B /* DefaultRefreshView.swift in Sources */,
				02C5D79721440B77009A6B9B /* ProductData.swift in Sources */,
				02C5D74A21414F20009A6B9B /* RefreshViewAnimator.swift in Sources */,
				02C5D74821414F20009A6B9B /* DefaultViewAnimator.swift in Sources */,
				02C5D7AA2144D065009A6B9B /* BaseTableViewController.swift in Sources */,
				02C5D7B721453F64009A6B9B /* GetProductActor.swift in Sources */,
				02C5D74621414F20009A6B9B /* PullToRefresh.swift in Sources */,
				02C5D79E21442BE2009A6B9B /* ErrorHandler.swift in Sources */,
				02C5D7B2214534D5009A6B9B /* BaseNavigationController.swift in Sources */,
				02C5D7A82144D065009A6B9B /* ResultsTableController.swift in Sources */,
				02C5D7A72144D065009A6B9B /* MainTableViewController.swift in Sources */,
				02C5D7AE2144D8CA009A6B9B /* ColorUtils.swift in Sources */,
				02C5D72B214132FD009A6B9B /* ViewController.swift in Sources */,
				02C5D74721414F20009A6B9B /* State.swift in Sources */,
				02C5D74921414F20009A6B9B /* UIScrollView+PullToRefresh.swift in Sources */,
				02C5D729214132FD009A6B9B /* AppDelegate.swift in Sources */,
				02C5D7B4214536A9009A6B9B /* CellConfigurable.swift in Sources */,
				02C5D7B921453F7F009A6B9B /* BaseActor.swift in Sources */,
				02C5D74E214393E2009A6B9B /* XMSegmentedControl.swift in Sources */,
				02C5D79A21441D79009A6B9B /* BinanceAPI.swift in Sources */,
				02C5D79C214422A1009A6B9B /* RawDataParser.swift in Sources */,
				02C5D7AC2144D408009A6B9B /* ProductDataCell.swift in Sources */,
			);
			runOnlyForDeploymentPostprocessing = 0;
		};
/* End PBXSourcesBuildPhase section */

/* Begin PBXVariantGroup section */
		02C5D72C214132FD009A6B9B /* Main.storyboard */ = {
			isa = PBXVariantGroup;
			children = (
				02C5D72D214132FD009A6B9B /* Base */,
			);
			name = Main.storyboard;
			sourceTree = "<group>";
		};
		02C5D73121413300009A6B9B /* LaunchScreen.storyboard */ = {
			isa = PBXVariantGroup;
			children = (
				02C5D73221413300009A6B9B /* Base */,
			);
			name = LaunchScreen.storyboard;
			sourceTree = "<group>";
		};
/* End PBXVariantGroup section */

/* Begin XCBuildConfiguration section */
		02C5D73521413300009A6B9B /* Debug */ = {
			isa = XCBuildConfiguration;
			buildSettings = {
				ALWAYS_SEARCH_USER_PATHS = NO;
				CLANG_ANALYZER_NONNULL = YES;
				CLANG_ANALYZER_NUMBER_OBJECT_CONVERSION = YES_AGGRESSIVE;
				CLANG_CXX_LANGUAGE_STANDARD = "gnu++14";
				CLANG_CXX_LIBRARY = "libc++";
				CLANG_ENABLE_MODULES = YES;
				CLANG_ENABLE_OBJC_ARC = YES;
				CLANG_ENABLE_OBJC_WEAK = YES;
				CLANG_WARN_BLOCK_CAPTURE_AUTORELEASING = YES;
				CLANG_WARN_BOOL_CONVERSION = YES;
				CLANG_WARN_COMMA = YES;
				CLANG_WARN_CONSTANT_CONVERSION = YES;
				CLANG_WARN_DEPRECATED_OBJC_IMPLEMENTATIONS = YES;
				CLANG_WARN_DIRECT_OBJC_ISA_USAGE = YES_ERROR;
				CLANG_WARN_DOCUMENTATION_COMMENTS = YES;
				CLANG_WARN_EMPTY_BODY = YES;
				CLANG_WARN_ENUM_CONVERSION = YES;
				CLANG_WARN_INFINITE_RECURSION = YES;
				CLANG_WARN_INT_CONVERSION = YES;
				CLANG_WARN_NON_LITERAL_NULL_CONVERSION = YES;
				CLANG_WARN_OBJC_IMPLICIT_RETAIN_SELF = YES;
				CLANG_WARN_OBJC_LITERAL_CONVERSION = YES;
				CLANG_WARN_OBJC_ROOT_CLASS = YES_ERROR;
				CLANG_WARN_RANGE_LOOP_ANALYSIS = YES;
				CLANG_WARN_STRICT_PROTOTYPES = YES;
				CLANG_WARN_SUSPICIOUS_MOVE = YES;
				CLANG_WARN_UNGUARDED_AVAILABILITY = YES_AGGRESSIVE;
				CLANG_WARN_UNREACHABLE_CODE = YES;
				CLANG_WARN__DUPLICATE_METHOD_MATCH = YES;
				CODE_SIGN_IDENTITY = "iPhone Developer";
				COPY_PHASE_STRIP = NO;
				DEBUG_INFORMATION_FORMAT = dwarf;
				ENABLE_STRICT_OBJC_MSGSEND = YES;
				ENABLE_TESTABILITY = YES;
				GCC_C_LANGUAGE_STANDARD = gnu11;
				GCC_DYNAMIC_NO_PIC = NO;
				GCC_NO_COMMON_BLOCKS = YES;
				GCC_OPTIMIZATION_LEVEL = 0;
				GCC_PREPROCESSOR_DEFINITIONS = (
					"DEBUG=1",
					"$(inherited)",
				);
				GCC_WARN_64_TO_32_BIT_CONVERSION = YES;
				GCC_WARN_ABOUT_RETURN_TYPE = YES_ERROR;
				GCC_WARN_UNDECLARED_SELECTOR = YES;
				GCC_WARN_UNINITIALIZED_AUTOS = YES_AGGRESSIVE;
				GCC_WARN_UNUSED_FUNCTION = YES;
				GCC_WARN_UNUSED_VARIABLE = YES;
				IPHONEOS_DEPLOYMENT_TARGET = 11.4;
				MTL_ENABLE_DEBUG_INFO = YES;
				ONLY_ACTIVE_ARCH = YES;
				SDKROOT = iphoneos;
				SWIFT_ACTIVE_COMPILATION_CONDITIONS = DEBUG;
				SWIFT_OPTIMIZATION_LEVEL = "-Onone";
			};
			name = Debug;
		};
		02C5D73621413300009A6B9B /* Release */ = {
			isa = XCBuildConfiguration;
			buildSettings = {
				ALWAYS_SEARCH_USER_PATHS = NO;
				CLANG_ANALYZER_NONNULL = YES;
				CLANG_ANALYZER_NUMBER_OBJECT_CONVERSION = YES_AGGRESSIVE;
				CLANG_CXX_LANGUAGE_STANDARD = "gnu++14";
				CLANG_CXX_LIBRARY = "libc++";
				CLANG_ENABLE_MODULES = YES;
				CLANG_ENABLE_OBJC_ARC = YES;
				CLANG_ENABLE_OBJC_WEAK = YES;
				CLANG_WARN_BLOCK_CAPTURE_AUTORELEASING = YES;
				CLANG_WARN_BOOL_CONVERSION = YES;
				CLANG_WARN_COMMA = YES;
				CLANG_WARN_CONSTANT_CONVERSION = YES;
				CLANG_WARN_DEPRECATED_OBJC_IMPLEMENTATIONS = YES;
				CLANG_WARN_DIRECT_OBJC_ISA_USAGE = YES_ERROR;
				CLANG_WARN_DOCUMENTATION_COMMENTS = YES;
				CLANG_WARN_EMPTY_BODY = YES;
				CLANG_WARN_ENUM_CONVERSION = YES;
				CLANG_WARN_INFINITE_RECURSION = YES;
				CLANG_WARN_INT_CONVERSION = YES;
				CLANG_WARN_NON_LITERAL_NULL_CONVERSION = YES;
				CLANG_WARN_OBJC_IMPLICIT_RETAIN_SELF = YES;
				CLANG_WARN_OBJC_LITERAL_CONVERSION = YES;
				CLANG_WARN_OBJC_ROOT_CLASS = YES_ERROR;
				CLANG_WARN_RANGE_LOOP_ANALYSIS = YES;
				CLANG_WARN_STRICT_PROTOTYPES = YES;
				CLANG_WARN_SUSPICIOUS_MOVE = YES;
				CLANG_WARN_UNGUARDED_AVAILABILITY = YES_AGGRESSIVE;
				CLANG_WARN_UNREACHABLE_CODE = YES;
				CLANG_WARN__DUPLICATE_METHOD_MATCH = YES;
				CODE_SIGN_IDENTITY = "iPhone Developer";
				COPY_PHASE_STRIP = NO;
				DEBUG_INFORMATION_FORMAT = "dwarf-with-dsym";
				ENABLE_NS_ASSERTIONS = NO;
				ENABLE_STRICT_OBJC_MSGSEND = YES;
				GCC_C_LANGUAGE_STANDARD = gnu11;
				GCC_NO_COMMON_BLOCKS = YES;
				GCC_WARN_64_TO_32_BIT_CONVERSION = YES;
				GCC_WARN_ABOUT_RETURN_TYPE = YES_ERROR;
				GCC_WARN_UNDECLARED_SELECTOR = YES;
				GCC_WARN_UNINITIALIZED_AUTOS = YES_AGGRESSIVE;
				GCC_WARN_UNUSED_FUNCTION = YES;
				GCC_WARN_UNUSED_VARIABLE = YES;
				IPHONEOS_DEPLOYMENT_TARGET = 11.4;
				MTL_ENABLE_DEBUG_INFO = NO;
				SDKROOT = iphoneos;
				SWIFT_COMPILATION_MODE = wholemodule;
				SWIFT_OPTIMIZATION_LEVEL = "-O";
				VALIDATE_PRODUCT = YES;
			};
			name = Release;
		};
		02C5D73821413300009A6B9B /* Debug */ = {
			isa = XCBuildConfiguration;
			baseConfigurationReference = E4CF65A747C1F4429F863FAC /* Pods-BinanceTest.debug.xcconfig */;
			buildSettings = {
				ASSETCATALOG_COMPILER_APPICON_NAME = AppIcon;
				CODE_SIGN_STYLE = Automatic;
				DEVELOPMENT_TEAM = 2V7XQBS777;
				INFOPLIST_FILE = BinanceTest/Info.plist;
				IPHONEOS_DEPLOYMENT_TARGET = 10.0;
				LD_RUNPATH_SEARCH_PATHS = (
					"$(inherited)",
					"@executable_path/Frameworks",
				);
				PRODUCT_BUNDLE_IDENTIFIER = com.hanguang.app.BinanceTest;
				PRODUCT_NAME = "$(TARGET_NAME)";
				SWIFT_VERSION = 4.0;
				TARGETED_DEVICE_FAMILY = 1;
			};
			name = Debug;
		};
		02C5D73921413300009A6B9B /* Release */ = {
			isa = XCBuildConfiguration;
			baseConfigurationReference = A266CD74F850F9E5EE707A1D /* Pods-BinanceTest.release.xcconfig */;
			buildSettings = {
				ASSETCATALOG_COMPILER_APPICON_NAME = AppIcon;
				CODE_SIGN_STYLE = Automatic;
				DEVELOPMENT_TEAM = 2V7XQBS777;
				INFOPLIST_FILE = BinanceTest/Info.plist;
				IPHONEOS_DEPLOYMENT_TARGET = 10.0;
				LD_RUNPATH_SEARCH_PATHS = (
					"$(inherited)",
					"@executable_path/Frameworks",
				);
				PRODUCT_BUNDLE_IDENTIFIER = com.hanguang.app.BinanceTest;
				PRODUCT_NAME = "$(TARGET_NAME)";
				SWIFT_VERSION = 4.0;
				TARGETED_DEVICE_FAMILY = 1;
			};
			name = Release;
		};
/* End XCBuildConfiguration section */

/* Begin XCConfigurationList section */
		02C5D720214132FD009A6B9B /* Build configuration list for PBXProject "BinanceTest" */ = {
			isa = XCConfigurationList;
			buildConfigurations = (
				02C5D73521413300009A6B9B /* Debug */,
				02C5D73621413300009A6B9B /* Release */,
			);
			defaultConfigurationIsVisible = 0;
			defaultConfigurationName = Release;
		};
		02C5D73721413300009A6B9B /* Build configuration list for PBXNativeTarget "BinanceTest" */ = {
			isa = XCConfigurationList;
			buildConfigurations = (
				02C5D73821413300009A6B9B /* Debug */,
				02C5D73921413300009A6B9B /* Release */,
			);
			defaultConfigurationIsVisible = 0;
			defaultConfigurationName = Release;
		};
/* End XCConfigurationList section */
	};
	rootObject = 02C5D71D214132FD009A6B9B /* Project object */;
}
